// !$*UTF8*$!
{
	archiveVersion = 1;
	classes = {
	};
	objectVersion = 46;
	objects = {

/* Begin PBXBuildFile section */
		4F31AD38649C414EA130E445 /* libPods-RAC.a in Frameworks */ = {isa = PBXBuildFile; fileRef = 84ED419C93CAACD2020690DF /* libPods-RAC.a */; };
		D14D33451D1794E400E570A5 /* main.m in Sources */ = {isa = PBXBuildFile; fileRef = D14D33441D1794E400E570A5 /* main.m */; };
		D14D33481D1794E400E570A5 /* AppDelegate.m in Sources */ = {isa = PBXBuildFile; fileRef = D14D33471D1794E400E570A5 /* AppDelegate.m */; };
		D14D334B1D1794E400E570A5 /* ViewController.m in Sources */ = {isa = PBXBuildFile; fileRef = D14D334A1D1794E400E570A5 /* ViewController.m */; };
		D14D334E1D1794E400E570A5 /* Main.storyboard in Resources */ = {isa = PBXBuildFile; fileRef = D14D334C1D1794E400E570A5 /* Main.storyboard */; };
		D14D33501D1794E400E570A5 /* Assets.xcassets in Resources */ = {isa = PBXBuildFile; fileRef = D14D334F1D1794E400E570A5 /* Assets.xcassets */; };
		D14D33531D1794E400E570A5 /* LaunchScreen.storyboard in Resources */ = {isa = PBXBuildFile; fileRef = D14D33511D1794E400E570A5 /* LaunchScreen.storyboard */; };
		D14D335E1D1794E400E570A5 /* RACTests.m in Sources */ = {isa = PBXBuildFile; fileRef = D14D335D1D1794E400E570A5 /* RACTests.m */; };
		D14D33691D1794E400E570A5 /* RACUITests.m in Sources */ = {isa = PBXBuildFile; fileRef = D14D33681D1794E400E570A5 /* RACUITests.m */; };
/* End PBXBuildFile section */

/* Begin PBXContainerItemProxy section */
		D14D335A1D1794E400E570A5 /* PBXContainerItemProxy */ = {
			isa = PBXContainerItemProxy;
			containerPortal = D14D33381D1794E400E570A5 /* Project object */;
			proxyType = 1;
			remoteGlobalIDString = D14D333F1D1794E400E570A5;
			remoteInfo = RAC;
		};
		D14D33651D1794E400E570A5 /* PBXContainerItemProxy */ = {
			isa = PBXContainerItemProxy;
			containerPortal = D14D33381D1794E400E570A5 /* Project object */;
			proxyType = 1;
			remoteGlobalIDString = D14D333F1D1794E400E570A5;
			remoteInfo = RAC;
		};
/* End PBXContainerItemProxy section */

/* Begin PBXFileReference section */
		28F91508C99B6D0DEB6E4A80 /* Pods-RAC.debug.xcconfig */ = {isa = PBXFileReference; includeInIndex = 1; lastKnownFileType = text.xcconfig; name = "Pods-RAC.debug.xcconfig"; path = "Pods/Target Support Files/Pods-RAC/Pods-RAC.debug.xcconfig"; sourceTree = "<group>"; };
		5820BA1806F061E6E550D1E4 /* Pods-RAC.release.xcconfig */ = {isa = PBXFileReference; includeInIndex = 1; lastKnownFileType = text.xcconfig; name = "Pods-RAC.release.xcconfig"; path = "Pods/Target Support Files/Pods-RAC/Pods-RAC.release.xcconfig"; sourceTree = "<group>"; };
		84ED419C93CAACD2020690DF /* libPods-RAC.a */ = {isa = PBXFileReference; explicitFileType = archive.ar; includeInIndex = 0; path = "libPods-RAC.a"; sourceTree = BUILT_PRODUCTS_DIR; };
		D14D33401D1794E400E570A5 /* RAC.app */ = {isa = PBXFileReference; explicitFileType = wrapper.application; includeInIndex = 0; path = RAC.app; sourceTree = BUILT_PRODUCTS_DIR; };
		D14D33441D1794E400E570A5 /* main.m */ = {isa = PBXFileReference; lastKnownFileType = sourcecode.c.objc; path = main.m; sourceTree = "<group>"; };
		D14D33461D1794E400E570A5 /* AppDelegate.h */ = {isa = PBXFileReference; lastKnownFileType = sourcecode.c.h; path = AppDelegate.h; sourceTree = "<group>"; };
		D14D33471D1794E400E570A5 /* AppDelegate.m */ = {isa = PBXFileReference; lastKnownFileType = sourcecode.c.objc; path = AppDelegate.m; sourceTree = "<group>"; };
		D14D33491D1794E400E570A5 /* ViewController.h */ = {isa = PBXFileReference; lastKnownFileType = sourcecode.c.h; path = ViewController.h; sourceTree = "<group>"; };
		D14D334A1D1794E400E570A5 /* ViewController.m */ = {isa = PBXFileReference; lastKnownFileType = sourcecode.c.objc; path = ViewController.m; sourceTree = "<group>"; };
		D14D334D1D1794E400E570A5 /* Base */ = {isa = PBXFileReference; lastKnownFileType = file.storyboard; name = Base; path = Base.lproj/Main.storyboard; sourceTree = "<group>"; };
		D14D334F1D1794E400E570A5 /* Assets.xcassets */ = {isa = PBXFileReference; lastKnownFileType = folder.assetcatalog; path = Assets.xcassets; sourceTree = "<group>"; };
		D14D33521D1794E400E570A5 /* Base */ = {isa = PBXFileReference; lastKnownFileType = file.storyboard; name = Base; path = Base.lproj/LaunchScreen.storyboard; sourceTree = "<group>"; };
		D14D33541D1794E400E570A5 /* Info.plist */ = {isa = PBXFileReference; lastKnownFileType = text.plist.xml; path = Info.plist; sourceTree = "<group>"; };
		D14D33591D1794E400E570A5 /* RACTests.xctest */ = {isa = PBXFileReference; explicitFileType = wrapper.cfbundle; includeInIndex = 0; path = RACTests.xctest; sourceTree = BUILT_PRODUCTS_DIR; };
		D14D335D1D1794E400E570A5 /* RACTests.m */ = {isa = PBXFileReference; lastKnownFileType = sourcecode.c.objc; path = RACTests.m; sourceTree = "<group>"; };
		D14D335F1D1794E400E570A5 /* Info.plist */ = {isa = PBXFileReference; lastKnownFileType = text.plist.xml; path = Info.plist; sourceTree = "<group>"; };
		D14D33641D1794E400E570A5 /* RACUITests.xctest */ = {isa = PBXFileReference; explicitFileType = wrapper.cfbundle; includeInIndex = 0; path = RACUITests.xctest; sourceTree = BUILT_PRODUCTS_DIR; };
		D14D33681D1794E400E570A5 /* RACUITests.m */ = {isa = PBXFileReference; lastKnownFileType = sourcecode.c.objc; path = RACUITests.m; sourceTree = "<group>"; };
		D14D336A1D1794E400E570A5 /* Info.plist */ = {isa = PBXFileReference; lastKnownFileType = text.plist.xml; path = Info.plist; sourceTree = "<group>"; };
/* End PBXFileReference section */

/* Begin PBXFrameworksBuildPhase section */
		D14D333D1D1794E400E570A5 /* Frameworks */ = {
			isa = PBXFrameworksBuildPhase;
			buildActionMask = 2147483647;
			files = (
				4F31AD38649C414EA130E445 /* libPods-RAC.a in Frameworks */,
			);
			runOnlyForDeploymentPostprocessing = 0;
		};
		D14D33561D1794E400E570A5 /* Frameworks */ = {
			isa = PBXFrameworksBuildPhase;
			buildActionMask = 2147483647;
			files = (
			);
			runOnlyForDeploymentPostprocessing = 0;
		};
		D14D33611D1794E400E570A5 /* Frameworks */ = {
			isa = PBXFrameworksBuildPhase;
			buildActionMask = 2147483647;
			files = (
			);
			runOnlyForDeploymentPostprocessing = 0;
		};
/* End PBXFrameworksBuildPhase section */

/* Begin PBXGroup section */
		BE2BFF5257187E4084DD4E9A /* Frameworks */ = {
			isa = PBXGroup;
			children = (
				84ED419C93CAACD2020690DF /* libPods-RAC.a */,
			);
			name = Frameworks;
			sourceTree = "<group>";
		};
		D14D33371D1794E400E570A5 = {
			isa = PBXGroup;
			children = (
				D14D33421D1794E400E570A5 /* RAC */,
				D14D335C1D1794E400E570A5 /* RACTests */,
				D14D33671D1794E400E570A5 /* RACUITests */,
				D14D33411D1794E400E570A5 /* Products */,
				DF20B74917ACC0CB30A5281B /* Pods */,
				BE2BFF5257187E4084DD4E9A /* Frameworks */,
			);
			sourceTree = "<group>";
		};
		D14D33411D1794E400E570A5 /* Products */ = {
			isa = PBXGroup;
			children = (
				D14D33401D1794E400E570A5 /* RAC.app */,
				D14D33591D1794E400E570A5 /* RACTests.xctest */,
				D14D33641D1794E400E570A5 /* RACUITests.xctest */,
			);
			name = Products;
			sourceTree = "<group>";
		};
		D14D33421D1794E400E570A5 /* RAC */ = {
			isa = PBXGroup;
			children = (
				D14D33461D1794E400E570A5 /* AppDelegate.h */,
				D14D33471D1794E400E570A5 /* AppDelegate.m */,
				D14D33491D1794E400E570A5 /* ViewController.h */,
				D14D334A1D1794E400E570A5 /* ViewController.m */,
				D14D334C1D1794E400E570A5 /* Main.storyboard */,
				D14D334F1D1794E400E570A5 /* Assets.xcassets */,
				D14D33511D1794E400E570A5 /* LaunchScreen.storyboard */,
				D14D33541D1794E400E570A5 /* Info.plist */,
				D14D33431D1794E400E570A5 /* Supporting Files */,
			);
			path = RAC;
			sourceTree = "<group>";
		};
		D14D33431D1794E400E570A5 /* Supporting Files */ = {
			isa = PBXGroup;
			children = (
				D14D33441D1794E400E570A5 /* main.m */,
			);
			name = "Supporting Files";
			sourceTree = "<group>";
		};
		D14D335C1D1794E400E570A5 /* RACTests */ = {
			isa = PBXGroup;
			children = (
				D14D335D1D1794E400E570A5 /* RACTests.m */,
				D14D335F1D1794E400E570A5 /* Info.plist */,
			);
			path = RACTests;
			sourceTree = "<group>";
		};
		D14D33671D1794E400E570A5 /* RACUITests */ = {
			isa = PBXGroup;
			children = (
				D14D33681D1794E400E570A5 /* RACUITests.m */,
				D14D336A1D1794E400E570A5 /* Info.plist */,
			);
			path = RACUITests;
			sourceTree = "<group>";
		};
		DF20B74917ACC0CB30A5281B /* Pods */ = {
			isa = PBXGroup;
			children = (
				28F91508C99B6D0DEB6E4A80 /* Pods-RAC.debug.xcconfig */,
				5820BA1806F061E6E550D1E4 /* Pods-RAC.release.xcconfig */,
			);
			name = Pods;
			sourceTree = "<group>";
		};
/* End PBXGroup section */

/* Begin PBXNativeTarget section */
		D14D333F1D1794E400E570A5 /* RAC */ = {
			isa = PBXNativeTarget;
			buildConfigurationList = D14D336D1D1794E400E570A5 /* Build configuration list for PBXNativeTarget "RAC" */;
			buildPhases = (
				D9A52E604E0A629ADBF4E3AC /* [CP] Check Pods Manifest.lock */,
				D14D333C1D1794E400E570A5 /* Sources */,
				D14D333D1D1794E400E570A5 /* Frameworks */,
				D14D333E1D1794E400E570A5 /* Resources */,
				822EFDEBE2554B73814F26BB /* [CP] Embed Pods Frameworks */,
				E37E206F966AAC209A0EE94A /* [CP] Copy Pods Resources */,
			);
			buildRules = (
			);
			dependencies = (
			);
			name = RAC;
			productName = RAC;
			productReference = D14D33401D1794E400E570A5 /* RAC.app */;
			productType = "com.apple.product-type.application";
		};
		D14D33581D1794E400E570A5 /* RACTests */ = {
			isa = PBXNativeTarget;
			buildConfigurationList = D14D33701D1794E400E570A5 /* Build configuration list for PBXNativeTarget "RACTests" */;
			buildPhases = (
				D14D33551D1794E400E570A5 /* Sources */,
				D14D33561D1794E400E570A5 /* Frameworks */,
				D14D33571D1794E400E570A5 /* Resources */,
			);
			buildRules = (
			);
			dependencies = (
				D14D335B1D1794E400E570A5 /* PBXTargetDependency */,
			);
			name = RACTests;
			productName = RACTests;
			productReference = D14D33591D1794E400E570A5 /* RACTests.xctest */;
			productType = "com.apple.product-type.bundle.unit-test";
		};
		D14D33631D1794E400E570A5 /* RACUITests */ = {
			isa = PBXNativeTarget;
			buildConfigurationList = D14D33731D1794E400E570A5 /* Build configuration list for PBXNativeTarget "RACUITests" */;
			buildPhases = (
				D14D33601D1794E400E570A5 /* Sources */,
				D14D33611D1794E400E570A5 /* Frameworks */,
				D14D33621D1794E400E570A5 /* Resources */,
			);
			buildRules = (
			);
			dependencies = (
				D14D33661D1794E400E570A5 /* PBXTargetDependency */,
			);
			name = RACUITests;
			productName = RACUITests;
			productReference = D14D33641D1794E400E570A5 /* RACUITests.xctest */;
			productType = "com.apple.product-type.bundle.ui-testing";
		};
/* End PBXNativeTarget section */

/* Begin PBXProject section */
		D14D33381D1794E400E570A5 /* Project object */ = {
			isa = PBXProject;
			attributes = {
				LastUpgradeCheck = 0730;
				ORGANIZATIONNAME = "星空浩";
				TargetAttributes = {
					D14D333F1D1794E400E570A5 = {
						CreatedOnToolsVersion = 7.3.1;
					};
					D14D33581D1794E400E570A5 = {
						CreatedOnToolsVersion = 7.3.1;
						TestTargetID = D14D333F1D1794E400E570A5;
					};
					D14D33631D1794E400E570A5 = {
						CreatedOnToolsVersion = 7.3.1;
						TestTargetID = D14D333F1D1794E400E570A5;
					};
				};
			};
			buildConfigurationList = D14D333B1D1794E400E570A5 /* Build configuration list for PBXProject "RAC" */;
			compatibilityVersion = "Xcode 3.2";
			developmentRegion = English;
			hasScannedForEncodings = 0;
			knownRegions = (
				en,
				Base,
			);
			mainGroup = D14D33371D1794E400E570A5;
			productRefGroup = D14D33411D1794E400E570A5 /* Products */;
			projectDirPath = "";
			projectRoot = "";
			targets = (
				D14D333F1D1794E400E570A5 /* RAC */,
				D14D33581D1794E400E570A5 /* RACTests */,
				D14D33631D1794E400E570A5 /* RACUITests */,
			);
		};
/* End PBXProject section */

/* Begin PBXResourcesBuildPhase section */
		D14D333E1D1794E400E570A5 /* Resources */ = {
			isa = PBXResourcesBuildPhase;
			buildActionMask = 2147483647;
			files = (
				D14D33531D1794E400E570A5 /* LaunchScreen.storyboard in Resources */,
				D14D33501D1794E400E570A5 /* Assets.xcassets in Resources */,
				D14D334E1D1794E400E570A5 /* Main.storyboard in Resources */,
			);
			runOnlyForDeploymentPostprocessing = 0;
		};
		D14D33571D1794E400E570A5 /* Resources */ = {
			isa = PBXResourcesBuildPhase;
			buildActionMask = 2147483647;
			files = (
			);
			runOnlyForDeploymentPostprocessing = 0;
		};
		D14D33621D1794E400E570A5 /* Resources */ = {
			isa = PBXResourcesBuildPhase;
			buildActionMask = 2147483647;
			files = (
			);
			runOnlyForDeploymentPostprocessing = 0;
		};
/* End PBXResourcesBuildPhase section */

/* Begin PBXShellScriptBuildPhase section */
		822EFDEBE2554B73814F26BB /* [CP] Embed Pods Frameworks */ = {
			isa = PBXShellScriptBuildPhase;
			buildActionMask = 2147483647;
			files = (
			);
			inputPaths = (
			);
			name = "[CP] Embed Pods Frameworks";
			outputPaths = (
			);
			runOnlyForDeploymentPostprocessing = 0;
			shellPath = /bin/sh;
			shellScript = "\"${SRCROOT}/Pods/Target Support Files/Pods-RAC/Pods-RAC-frameworks.sh\"\n";
			showEnvVarsInLog = 0;
		};
		D9A52E604E0A629ADBF4E3AC /* [CP] Check Pods Manifest.lock */ = {
			isa = PBXShellScriptBuildPhase;
			buildActionMask = 2147483647;
			files = (
			);
			inputPaths = (
			);
			name = "[CP] Check Pods Manifest.lock";
			outputPaths = (
			);
			runOnlyForDeploymentPostprocessing = 0;
			shellPath = /bin/sh;
			shellScript = "diff \"${PODS_ROOT}/../Podfile.lock\" \"${PODS_ROOT}/Manifest.lock\" > /dev/null\nif [[ $? != 0 ]] ; then\n    cat << EOM\nerror: The sandbox is not in sync with the Podfile.lock. Run 'pod install' or update your CocoaPods installation.\nEOM\n    exit 1\nfi\n";
			showEnvVarsInLog = 0;
		};
		E37E206F966AAC209A0EE94A /* [CP] Copy Pods Resources */ = {
			isa = PBXShellScriptBuildPhase;
			buildActionMask = 2147483647;
			files = (
			);
			inputPaths = (
			);
			name = "[CP] Copy Pods Resources";
			outputPaths = (
			);
			runOnlyForDeploymentPostprocessing = 0;
			shellPath = /bin/sh;
			shellScript = "\"${SRCROOT}/Pods/Target Support Files/Pods-RAC/Pods-RAC-resources.sh\"\n";
			showEnvVarsInLog = 0;
		};
/* End PBXShellScriptBuildPhase section */

/* Begin PBXSourcesBuildPhase section */
		D14D333C1D1794E400E570A5 /* Sources */ = {
			isa = PBXSourcesBuildPhase;
			buildActionMask = 2147483647;
			files = (
				D14D334B1D1794E400E570A5 /* ViewController.m in Sources */,
				D14D33481D1794E400E570A5 /* AppDelegate.m in Sources */,
				D14D33451D1794E400E570A5 /* main.m in Sources */,
			);
			runOnlyForDeploymentPostprocessing = 0;
		};
		D14D33551D1794E400E570A5 /* Sources */ = {
			isa = PBXSourcesBuildPhase;
			buildActionMask = 2147483647;
			files = (
				D14D335E1D1794E400E570A5 /* RACTests.m in Sources */,
			);
			runOnlyForDeploymentPostprocessing = 0;
		};
		D14D33601D1794E400E570A5 /* Sources */ = {
			isa = PBXSourcesBuildPhase;
			buildActionMask = 2147483647;
			files = (
				D14D33691D1794E400E570A5 /* RACUITests.m in Sources */,
			);
			runOnlyForDeploymentPostprocessing = 0;
		};
/* End PBXSourcesBuildPhase section */

/* Begin PBXTargetDependency section */
		D14D335B1D1794E400E570A5 /* PBXTargetDependency */ = {
			isa = PBXTargetDependency;
			target = D14D333F1D1794E400E570A5 /* RAC */;
			targetProxy = D14D335A1D1794E400E570A5 /* PBXContainerItemProxy */;
		};
		D14D33661D1794E400E570A5 /* PBXTargetDependency */ = {
			isa = PBXTargetDependency;
			target = D14D333F1D1794E400E570A5 /* RAC */;
			targetProxy = D14D33651D1794E400E570A5 /* PBXContainerItemProxy */;
		};
/* End PBXTargetDependency section */

/* Begin PBXVariantGroup section */
		D14D334C1D1794E400E570A5 /* Main.storyboard */ = {
			isa = PBXVariantGroup;
			children = (
				D14D334D1D1794E400E570A5 /* Base */,
			);
			name = Main.storyboard;
			sourceTree = "<group>";
		};
		D14D33511D1794E400E570A5 /* LaunchScreen.storyboard */ = {
			isa = PBXVariantGroup;
			children = (
				D14D33521D1794E400E570A5 /* Base */,
			);
			name = LaunchScreen.storyboard;
			sourceTree = "<group>";
		};
/* End PBXVariantGroup section */

/* Begin XCBuildConfiguration section */
		D14D336B1D1794E400E570A5 /* Debug */ = {
			isa = XCBuildConfiguration;
			buildSettings = {
				ALWAYS_SEARCH_USER_PATHS = NO;
				CLANG_ANALYZER_NONNULL = YES;
				CLANG_CXX_LANGUAGE_STANDARD = "gnu++0x";
				CLANG_CXX_LIBRARY = "libc++";
				CLANG_ENABLE_MODULES = YES;
				CLANG_ENABLE_OBJC_ARC = YES;
				CLANG_WARN_BOOL_CONVERSION = YES;
				CLANG_WARN_CONSTANT_CONVERSION = YES;
				CLANG_WARN_DIRECT_OBJC_ISA_USAGE = YES_ERROR;
				CLANG_WARN_EMPTY_BODY = YES;
				CLANG_WARN_ENUM_CONVERSION = YES;
				CLANG_WARN_INT_CONVERSION = YES;
				CLANG_WARN_OBJC_ROOT_CLASS = YES_ERROR;
				CLANG_WARN_UNREACHABLE_CODE = YES;
				CLANG_WARN__DUPLICATE_METHOD_MATCH = YES;
				"CODE_SIGN_IDENTITY[sdk=iphoneos*]" = "iPhone Developer";
				COPY_PHASE_STRIP = NO;
				DEBUG_INFORMATION_FORMAT = dwarf;
				ENABLE_STRICT_OBJC_MSGSEND = YES;
				ENABLE_TESTABILITY = YES;
				GCC_C_LANGUAGE_STANDARD = gnu99;
				GCC_DYNAMIC_NO_PIC = NO;
				GCC_NO_COMMON_BLOCKS = YES;
				GCC_OPTIMIZATION_LEVEL = 0;
				GCC_PREPROCESSOR_DEFINITIONS = (
					"DEBUG=1",
					"$(inherited)",
				);
				GCC_WARN_64_TO_32_BIT_CONVERSION = YES;
				GCC_WARN_ABOUT_RETURN_TYPE = YES_ERROR;
				GCC_WARN_UNDECLARED_SELECTOR = YES;
				GCC_WARN_UNINITIALIZED_AUTOS = YES_AGGRESSIVE;
				GCC_WARN_UNUSED_FUNCTION = YES;
				GCC_WARN_UNUSED_VARIABLE = YES;
				IPHONEOS_DEPLOYMENT_TARGET = 9.3;
				MTL_ENABLE_DEBUG_INFO = YES;
				ONLY_ACTIVE_ARCH = YES;
				SDKROOT = iphoneos;
				TARGETED_DEVICE_FAMILY = "1,2";
			};
			name = Debug;
		};
		D14D336C1D1794E400E570A5 /* Release */ = {
			isa = XCBuildConfiguration;
			buildSettings = {
				ALWAYS_SEARCH_USER_PATHS = NO;
				CLANG_ANALYZER_NONNULL = YES;
				CLANG_CXX_LANGUAGE_STANDARD = "gnu++0x";
				CLANG_CXX_LIBRARY = "libc++";
				CLANG_ENABLE_MODULES = YES;
				CLANG_ENABLE_OBJC_ARC = YES;
				CLANG_WARN_BOOL_CONVERSION = YES;
				CLANG_WARN_CONSTANT_CONVERSION = YES;
				CLANG_WARN_DIRECT_OBJC_ISA_USAGE = YES_ERROR;
				CLANG_WARN_EMPTY_BODY = YES;
				CLANG_WARN_ENUM_CONVERSION = YES;
				CLANG_WARN_INT_CONVERSION = YES;
				CLANG_WARN_OBJC_ROOT_CLASS = YES_ERROR;
				CLANG_WARN_UNREACHABLE_CODE = YES;
				CLANG_WARN__DUPLICATE_METHOD_MATCH = YES;
				"CODE_SIGN_IDENTITY[sdk=iphoneos*]" = "iPhone Developer";
				COPY_PHASE_STRIP = NO;
				DEBUG_INFORMATION_FORMAT = "dwarf-with-dsym";
				ENABLE_NS_ASSERTIONS = NO;
				ENABLE_STRICT_OBJC_MSGSEND = YES;
				GCC_C_LANGUAGE_STANDARD = gnu99;
				GCC_NO_COMMON_BLOCKS = YES;
				GCC_WARN_64_TO_32_BIT_CONVERSION = YES;
				GCC_WARN_ABOUT_RETURN_TYPE = YES_ERROR;
				GCC_WARN_UNDECLARED_SELECTOR = YES;
				GCC_WARN_UNINITIALIZED_AUTOS = YES_AGGRESSIVE;
				GCC_WARN_UNUSED_FUNCTION = YES;
				GCC_WARN_UNUSED_VARIABLE = YES;
				IPHONEOS_DEPLOYMENT_TARGET = 9.3;
				MTL_ENABLE_DEBUG_INFO = NO;
				SDKROOT = iphoneos;
				TARGETED_DEVICE_FAMILY = "1,2";
				VALIDATE_PRODUCT = YES;
			};
			name = Release;
		};
		D14D336E1D1794E400E570A5 /* Debug */ = {
			isa = XCBuildConfiguration;
			baseConfigurationReference = 28F91508C99B6D0DEB6E4A80 /* Pods-RAC.debug.xcconfig */;
			buildSettings = {
				ASSETCATALOG_COMPILER_APPICON_NAME = AppIcon;
				INFOPLIST_FILE = RAC/Info.plist;
				LD_RUNPATH_SEARCH_PATHS = "$(inherited) @executable_path/Frameworks";
				PRODUCT_BUNDLE_IDENTIFIER = DFYG.RAC;
				PRODUCT_NAME = "$(TARGET_NAME)";
			};
			name = Debug;
		};
		D14D336F1D1794E400E570A5 /* Release */ = {
			isa = XCBuildConfiguration;
			baseConfigurationReference = 5820BA1806F061E6E550D1E4 /* Pods-RAC.release.xcconfig */;
			buildSettings = {
				ASSETCATALOG_COMPILER_APPICON_NAME = AppIcon;
				INFOPLIST_FILE = RAC/Info.plist;
				LD_RUNPATH_SEARCH_PATHS = "$(inherited) @executable_path/Frameworks";
				PRODUCT_BUNDLE_IDENTIFIER = DFYG.RAC;
				PRODUCT_NAME = "$(TARGET_NAME)";
			};
			name = Release;
		};
		D14D33711D1794E400E570A5 /* Debug */ = {
			isa = XCBuildConfiguration;
			buildSettings = {
				BUNDLE_LOADER = "$(TEST_HOST)";
				INFOPLIST_FILE = RACTests/Info.plist;
				LD_RUNPATH_SEARCH_PATHS = "$(inherited) @executable_path/Frameworks @loader_path/Frameworks";
				PRODUCT_BUNDLE_IDENTIFIER = DFYG.RACTests;
				PRODUCT_NAME = "$(TARGET_NAME)";
				TEST_HOST = "$(BUILT_PRODUCTS_DIR)/RAC.app/RAC";
			};
			name = Debug;
		};
		D14D33721D1794E400E570A5 /* Release */ = {
			isa = XCBuildConfiguration;
			buildSettings = {
				BUNDLE_LOADER = "$(TEST_HOST)";
				INFOPLIST_FILE = RACTests/Info.plist;
				LD_RUNPATH_SEARCH_PATHS = "$(inherited) @executable_path/Frameworks @loader_path/Frameworks";
				PRODUCT_BUNDLE_IDENTIFIER = DFYG.RACTests;
				PRODUCT_NAME = "$(TARGET_NAME)";
				TEST_HOST = "$(BUILT_PRODUCTS_DIR)/RAC.app/RAC";
			};
			name = Release;
		};
		D14D33741D1794E400E570A5 /* Debug */ = {
			isa = XCBuildConfiguration;
			buildSettings = {
				INFOPLIST_FILE = RACUITests/Info.plist;
				LD_RUNPATH_SEARCH_PATHS = "$(inherited) @executable_path/Frameworks @loader_path/Frameworks";
				PRODUCT_BUNDLE_IDENTIFIER = DFYG.RACUITests;
				PRODUCT_NAME = "$(TARGET_NAME)";
				TEST_TARGET_NAME = RAC;
			};
			name = Debug;
		};
		D14D33751D1794E400E570A5 /* Release */ = {
			isa = XCBuildConfiguration;
			buildSettings = {
				INFOPLIST_FILE = RACUITests/Info.plist;
				LD_RUNPATH_SEARCH_PATHS = "$(inherited) @executable_path/Frameworks @loader_path/Frameworks";
				PRODUCT_BUNDLE_IDENTIFIER = DFYG.RACUITests;
				PRODUCT_NAME = "$(TARGET_NAME)";
				TEST_TARGET_NAME = RAC;
			};
			name = Release;
		};
/* End XCBuildConfiguration section */

/* Begin XCConfigurationList section */
		D14D333B1D1794E400E570A5 /* Build configuration list for PBXProject "RAC" */ = {
			isa = XCConfigurationList;
			buildConfigurations = (
				D14D336B1D1794E400E570A5 /* Debug */,
				D14D336C1D1794E400E570A5 /* Release */,
			);
			defaultConfigurationIsVisible = 0;
			defaultConfigurationName = Release;
		};
		D14D336D1D1794E400E570A5 /* Build configuration list for PBXNativeTarget "RAC" */ = {
			isa = XCConfigurationList;
			buildConfigurations = (
				D14D336E1D1794E400E570A5 /* Debug */,
				D14D336F1D1794E400E570A5 /* Release */,
			);
			defaultConfigurationIsVisible = 0;
			defaultConfigurationName = Release;
		};
		D14D33701D1794E400E570A5 /* Build configuration list for PBXNativeTarget "RACTests" */ = {
			isa = XCConfigurationList;
			buildConfigurations = (
				D14D33711D1794E400E570A5 /* Debug */,
				D14D33721D1794E400E570A5 /* Release */,
			);
			defaultConfigurationIsVisible = 0;
			defaultConfigurationName = Release;
		};
		D14D33731D1794E400E570A5 /* Build configuration list for PBXNativeTarget "RACUITests" */ = {
			isa = XCConfigurationList;
			buildConfigurations = (
				D14D33741D1794E400E570A5 /* Debug */,
				D14D33751D1794E400E570A5 /* Release */,
			);
			defaultConfigurationIsVisible = 0;
			defaultConfigurationName = Release;
		};
/* End XCConfigurationList section */
	};
	rootObject = D14D33381D1794E400E570A5 /* Project object */;
}
